
Microsoft Visual Studio Solution File, Format Version 12.00
# Visual Studio Version 17
VisualStudioVersion = 17.0.31919.166
MinimumVisualStudioVersion = 10.0.40219.1
Project("{FAE04EC0-301F-11D3-BF4B-00C04F79EFBC}") = "raminpractice7", "raminpractice7\raminpractice7.csproj", "{0AF82A3F-9B60-4547-9A8A-ECB61654770E}"
EndProject
Global
	GlobalSection(SolutionConfigurationPlatforms) = preSolution
		Debug|Any CPU = Debug|Any CPU
		Release|Any CPU = Release|Any CPU
	EndGlobalSection
	GlobalSection(ProjectConfigurationPlatforms) = postSolution
		{0AF82A3F-9B60-4547-9A8A-ECB61654770E}.Debug|Any CPU.ActiveCfg = Debug|Any CPU
		{0AF82A3F-9B60-4547-9A8A-ECB61654770E}.Debug|Any CPU.Build.0 = Debug|Any CPU
		{0AF82A3F-9B60-4547-9A8A-ECB61654770E}.Release|Any CPU.ActiveCfg = Release|Any CPU
		{0AF82A3F-9B60-4547-9A8A-ECB61654770E}.Release|Any CPU.Build.0 = Release|Any CPU
	EndGlobalSection
	GlobalSection(SolutionProperties) = preSolution
		HideSolutionNode = FALSE
	EndGlobalSection
	GlobalSection(ExtensibilityGlobals) = postSolution
		SolutionGuid = {7B2FB25B-9BEB-47EA-A74E-01D9BB46D526}
	EndGlobalSection
EndGlobal
